
Microsoft Visual Studio Solution File, Format Version 12.00
# Visual Studio 2012
Project("{FAE04EC0-301F-11D3-BF4B-00C04F79EFBC}") = "BBC_Decretos.DAL", "BBC_Decretos.DAL\BBC_Decretos.DAL.csproj", "{450D9931-9B52-4524-AB1B-B3B27FC87E9A}"
EndProject
Project("{FAE04EC0-301F-11D3-BF4B-00C04F79EFBC}") = "BBC_Decretos.NEG", "BBC_Decretos.NEG\BBC_Decretos.NEG.csproj", "{F7736E79-7A8E-4630-B58A-D22B5E6391B7}"
EndProject
Project("{FAE04EC0-301F-11D3-BF4B-00C04F79EFBC}") = "Decretos.WEB", "Decretos.WEB\Decretos.WEB.csproj", "{5AF26B59-1274-44DF-A2C8-B100B4EA25E9}"
EndProject
Global
	GlobalSection(SolutionConfigurationPlatforms) = preSolution
		Debug|Any CPU = Debug|Any CPU
		Release|Any CPU = Release|Any CPU
	EndGlobalSection
	GlobalSection(ProjectConfigurationPlatforms) = postSolution
		{450D9931-9B52-4524-AB1B-B3B27FC87E9A}.Debug|Any CPU.ActiveCfg = Debug|Any CPU
		{450D9931-9B52-4524-AB1B-B3B27FC87E9A}.Debug|Any CPU.Build.0 = Debug|Any CPU
		{450D9931-9B52-4524-AB1B-B3B27FC87E9A}.Release|Any CPU.ActiveCfg = Release|Any CPU
		{450D9931-9B52-4524-AB1B-B3B27FC87E9A}.Release|Any CPU.Build.0 = Release|Any CPU
		{F7736E79-7A8E-4630-B58A-D22B5E6391B7}.Debug|Any CPU.ActiveCfg = Debug|Any CPU
		{F7736E79-7A8E-4630-B58A-D22B5E6391B7}.Debug|Any CPU.Build.0 = Debug|Any CPU
		{F7736E79-7A8E-4630-B58A-D22B5E6391B7}.Release|Any CPU.ActiveCfg = Release|Any CPU
		{F7736E79-7A8E-4630-B58A-D22B5E6391B7}.Release|Any CPU.Build.0 = Release|Any CPU
		{5AF26B59-1274-44DF-A2C8-B100B4EA25E9}.Debug|Any CPU.ActiveCfg = Debug|Any CPU
		{5AF26B59-1274-44DF-A2C8-B100B4EA25E9}.Debug|Any CPU.Build.0 = Debug|Any CPU
		{5AF26B59-1274-44DF-A2C8-B100B4EA25E9}.Release|Any CPU.ActiveCfg = Release|Any CPU
		{5AF26B59-1274-44DF-A2C8-B100B4EA25E9}.Release|Any CPU.Build.0 = Release|Any CPU
	EndGlobalSection
	GlobalSection(SolutionProperties) = preSolution
		HideSolutionNode = FALSE
	EndGlobalSection
EndGlobal
